
Microsoft Visual Studio Solution File, Format Version 12.00
# Visual Studio Version 16
VisualStudioVersion = 16.0.30011.22
MinimumVisualStudioVersion = 10.0.40219.1
Project("{FAE04EC0-301F-11D3-BF4B-00C04F79EFBC}") = "NumberPuzzle", "NumberPuzzle\NumberPuzzle.csproj", "{03A06C2C-DAAA-434F-8522-8219727484A3}"
EndProject
Global
	GlobalSection(SolutionConfigurationPlatforms) = preSolution
		Debug|Any CPU = Debug|Any CPU
		Release|Any CPU = Release|Any CPU
	EndGlobalSection
	GlobalSection(ProjectConfigurationPlatforms) = postSolution
		{03A06C2C-DAAA-434F-8522-8219727484A3}.Debug|Any CPU.ActiveCfg = Debug|Any CPU
		{03A06C2C-DAAA-434F-8522-8219727484A3}.Debug|Any CPU.Build.0 = Debug|Any CPU
		{03A06C2C-DAAA-434F-8522-8219727484A3}.Release|Any CPU.ActiveCfg = Release|Any CPU
		{03A06C2C-DAAA-434F-8522-8219727484A3}.Release|Any CPU.Build.0 = Release|Any CPU
	EndGlobalSection
	GlobalSection(SolutionProperties) = preSolution
		HideSolutionNode = FALSE
	EndGlobalSection
	GlobalSection(ExtensibilityGlobals) = postSolution
		SolutionGuid = {1C24E436-2A59-456C-81D6-BCD8296809BF}
	EndGlobalSection
EndGlobal
