
Microsoft Visual Studio Solution File, Format Version 12.00
# Visual Studio Version 16
VisualStudioVersion = 16.0.30011.22
MinimumVisualStudioVersion = 10.0.40219.1
Project("{FAE04EC0-301F-11D3-BF4B-00C04F79EFBC}") = "UnitTestVann", "UnitTest - Vann\UnitTestVann.csproj", "{610A1C3F-ECD3-4226-99C9-532FD1D74338}"
EndProject
Project("{FAE04EC0-301F-11D3-BF4B-00C04F79EFBC}") = "VannTest", "VannTest\VannTest.csproj", "{E1BAA2EE-FBD0-467C-979B-8F039149F1C2}"
EndProject
Global
	GlobalSection(SolutionConfigurationPlatforms) = preSolution
		Debug|Any CPU = Debug|Any CPU
		Release|Any CPU = Release|Any CPU
	EndGlobalSection
	GlobalSection(ProjectConfigurationPlatforms) = postSolution
		{610A1C3F-ECD3-4226-99C9-532FD1D74338}.Debug|Any CPU.ActiveCfg = Debug|Any CPU
		{610A1C3F-ECD3-4226-99C9-532FD1D74338}.Debug|Any CPU.Build.0 = Debug|Any CPU
		{610A1C3F-ECD3-4226-99C9-532FD1D74338}.Release|Any CPU.ActiveCfg = Release|Any CPU
		{610A1C3F-ECD3-4226-99C9-532FD1D74338}.Release|Any CPU.Build.0 = Release|Any CPU
		{E1BAA2EE-FBD0-467C-979B-8F039149F1C2}.Debug|Any CPU.ActiveCfg = Debug|Any CPU
		{E1BAA2EE-FBD0-467C-979B-8F039149F1C2}.Debug|Any CPU.Build.0 = Debug|Any CPU
		{E1BAA2EE-FBD0-467C-979B-8F039149F1C2}.Release|Any CPU.ActiveCfg = Release|Any CPU
		{E1BAA2EE-FBD0-467C-979B-8F039149F1C2}.Release|Any CPU.Build.0 = Release|Any CPU
	EndGlobalSection
	GlobalSection(SolutionProperties) = preSolution
		HideSolutionNode = FALSE
	EndGlobalSection
	GlobalSection(ExtensibilityGlobals) = postSolution
		SolutionGuid = {90321E81-D7DA-4E26-8D29-CB3D878947F7}
	EndGlobalSection
EndGlobal
