
Microsoft Visual Studio Solution File, Format Version 12.00
# Visual Studio Version 16
VisualStudioVersion = 16.0.30011.22
MinimumVisualStudioVersion = 10.0.40219.1
Project("{9A19103F-16F7-4668-BE54-9A1E7A4F7556}") = "Oblig2", "AccessModifier\Oblig2.csproj", "{336AE9A6-8564-478C-93A1-9357223B4DEE}"
EndProject
Global
	GlobalSection(SolutionConfigurationPlatforms) = preSolution
		Debug|Any CPU = Debug|Any CPU
		Release|Any CPU = Release|Any CPU
	EndGlobalSection
	GlobalSection(ProjectConfigurationPlatforms) = postSolution
		{336AE9A6-8564-478C-93A1-9357223B4DEE}.Debug|Any CPU.ActiveCfg = Debug|Any CPU
		{336AE9A6-8564-478C-93A1-9357223B4DEE}.Debug|Any CPU.Build.0 = Debug|Any CPU
		{336AE9A6-8564-478C-93A1-9357223B4DEE}.Release|Any CPU.ActiveCfg = Release|Any CPU
		{336AE9A6-8564-478C-93A1-9357223B4DEE}.Release|Any CPU.Build.0 = Release|Any CPU
	EndGlobalSection
	GlobalSection(SolutionProperties) = preSolution
		HideSolutionNode = FALSE
	EndGlobalSection
	GlobalSection(ExtensibilityGlobals) = postSolution
		SolutionGuid = {A1AF6BEF-5448-4B03-B6D0-AAC039BCC68E}
	EndGlobalSection
EndGlobal
