
Microsoft Visual Studio Solution File, Format Version 12.00
# Visual Studio Version 16
VisualStudioVersion = 16.0.29806.167
MinimumVisualStudioVersion = 10.0.40219.1
Project("{FAE04EC0-301F-11D3-BF4B-00C04F79EFBC}") = "InputOutput", "InputOutput\InputOutput.csproj", "{28D9D3C8-00F9-4A88-AEF1-3DBD5328D558}"
EndProject
Global
	GlobalSection(SolutionConfigurationPlatforms) = preSolution
		Debug|Any CPU = Debug|Any CPU
		Release|Any CPU = Release|Any CPU
	EndGlobalSection
	GlobalSection(ProjectConfigurationPlatforms) = postSolution
		{28D9D3C8-00F9-4A88-AEF1-3DBD5328D558}.Debug|Any CPU.ActiveCfg = Debug|Any CPU
		{28D9D3C8-00F9-4A88-AEF1-3DBD5328D558}.Debug|Any CPU.Build.0 = Debug|Any CPU
		{28D9D3C8-00F9-4A88-AEF1-3DBD5328D558}.Release|Any CPU.ActiveCfg = Release|Any CPU
		{28D9D3C8-00F9-4A88-AEF1-3DBD5328D558}.Release|Any CPU.Build.0 = Release|Any CPU
	EndGlobalSection
	GlobalSection(SolutionProperties) = preSolution
		HideSolutionNode = FALSE
	EndGlobalSection
	GlobalSection(ExtensibilityGlobals) = postSolution
		SolutionGuid = {AD8A2D1A-0924-45DC-BD9D-F5B11C7AF778}
	EndGlobalSection
EndGlobal
