
Microsoft Visual Studio Solution File, Format Version 12.00
# Visual Studio Version 16
VisualStudioVersion = 16.0.30011.22
MinimumVisualStudioVersion = 10.0.40219.1
Project("{FAE04EC0-301F-11D3-BF4B-00C04F79EFBC}") = "Oblig1Familietre", "Oblig1, familietre\Oblig1Familietre.csproj", "{F7401EE9-5483-461D-9028-F9439201D49E}"
EndProject
Project("{FAE04EC0-301F-11D3-BF4B-00C04F79EFBC}") = "Oblig1Test", "Oblig1Test\Oblig1Test.csproj", "{2580B9D3-4911-4491-BF70-6D881DF570B1}"
EndProject
Global
	GlobalSection(SolutionConfigurationPlatforms) = preSolution
		Debug|Any CPU = Debug|Any CPU
		Release|Any CPU = Release|Any CPU
	EndGlobalSection
	GlobalSection(ProjectConfigurationPlatforms) = postSolution
		{F7401EE9-5483-461D-9028-F9439201D49E}.Debug|Any CPU.ActiveCfg = Debug|Any CPU
		{F7401EE9-5483-461D-9028-F9439201D49E}.Debug|Any CPU.Build.0 = Debug|Any CPU
		{F7401EE9-5483-461D-9028-F9439201D49E}.Release|Any CPU.ActiveCfg = Release|Any CPU
		{F7401EE9-5483-461D-9028-F9439201D49E}.Release|Any CPU.Build.0 = Release|Any CPU
		{2580B9D3-4911-4491-BF70-6D881DF570B1}.Debug|Any CPU.ActiveCfg = Debug|Any CPU
		{2580B9D3-4911-4491-BF70-6D881DF570B1}.Debug|Any CPU.Build.0 = Debug|Any CPU
		{2580B9D3-4911-4491-BF70-6D881DF570B1}.Release|Any CPU.ActiveCfg = Release|Any CPU
		{2580B9D3-4911-4491-BF70-6D881DF570B1}.Release|Any CPU.Build.0 = Release|Any CPU
	EndGlobalSection
	GlobalSection(SolutionProperties) = preSolution
		HideSolutionNode = FALSE
	EndGlobalSection
	GlobalSection(ExtensibilityGlobals) = postSolution
		SolutionGuid = {CAE80597-C86C-4414-8DDA-53854062FC9B}
	EndGlobalSection
EndGlobal
