
Microsoft Visual Studio Solution File, Format Version 12.00
# Visual Studio Version 16
VisualStudioVersion = 16.0.30011.22
MinimumVisualStudioVersion = 10.0.40219.1
Project("{FAE04EC0-301F-11D3-BF4B-00C04F79EFBC}") = "AbaxOppgaven", "AbaxOppgaven\AbaxOppgaven.csproj", "{173DADBF-7E92-415A-8EA4-03B668CD4727}"
EndProject
Global
	GlobalSection(SolutionConfigurationPlatforms) = preSolution
		Debug|Any CPU = Debug|Any CPU
		Release|Any CPU = Release|Any CPU
	EndGlobalSection
	GlobalSection(ProjectConfigurationPlatforms) = postSolution
		{173DADBF-7E92-415A-8EA4-03B668CD4727}.Debug|Any CPU.ActiveCfg = Debug|Any CPU
		{173DADBF-7E92-415A-8EA4-03B668CD4727}.Debug|Any CPU.Build.0 = Debug|Any CPU
		{173DADBF-7E92-415A-8EA4-03B668CD4727}.Release|Any CPU.ActiveCfg = Release|Any CPU
		{173DADBF-7E92-415A-8EA4-03B668CD4727}.Release|Any CPU.Build.0 = Release|Any CPU
	EndGlobalSection
	GlobalSection(SolutionProperties) = preSolution
		HideSolutionNode = FALSE
	EndGlobalSection
	GlobalSection(ExtensibilityGlobals) = postSolution
		SolutionGuid = {FE566D82-CEA5-46A2-A3B8-995FEC5D294E}
	EndGlobalSection
EndGlobal
