
Microsoft Visual Studio Solution File, Format Version 12.00
# Visual Studio Version 16
VisualStudioVersion = 16.0.30011.22
MinimumVisualStudioVersion = 10.0.40219.1
Project("{FAE04EC0-301F-11D3-BF4B-00C04F79EFBC}") = "ArvTest", "ArvTest\ArvTest.csproj", "{D5AED70F-6A0C-4CC0-A242-92CC427F33ED}"
EndProject
Global
	GlobalSection(SolutionConfigurationPlatforms) = preSolution
		Debug|Any CPU = Debug|Any CPU
		Release|Any CPU = Release|Any CPU
	EndGlobalSection
	GlobalSection(ProjectConfigurationPlatforms) = postSolution
		{D5AED70F-6A0C-4CC0-A242-92CC427F33ED}.Debug|Any CPU.ActiveCfg = Debug|Any CPU
		{D5AED70F-6A0C-4CC0-A242-92CC427F33ED}.Debug|Any CPU.Build.0 = Debug|Any CPU
		{D5AED70F-6A0C-4CC0-A242-92CC427F33ED}.Release|Any CPU.ActiveCfg = Release|Any CPU
		{D5AED70F-6A0C-4CC0-A242-92CC427F33ED}.Release|Any CPU.Build.0 = Release|Any CPU
	EndGlobalSection
	GlobalSection(SolutionProperties) = preSolution
		HideSolutionNode = FALSE
	EndGlobalSection
	GlobalSection(ExtensibilityGlobals) = postSolution
		SolutionGuid = {69DD775C-1BFD-4D37-929B-85452855FF32}
	EndGlobalSection
EndGlobal
